
Microsoft Visual Studio Solution File, Format Version 12.00
# Visual Studio Version 17
VisualStudioVersion = 17.8.34322.80
MinimumVisualStudioVersion = 10.0.40219.1
Project("{FAE04EC0-301F-11D3-BF4B-00C04F79EFBC}") = "ImageTest1", "ImageTest1\ImageTest1.csproj", "{74B80E91-6499-41A3-B48F-02FE5FE0B563}"
EndProject
Global
	GlobalSection(SolutionConfigurationPlatforms) = preSolution
		Debug|Any CPU = Debug|Any CPU
		Release|Any CPU = Release|Any CPU
	EndGlobalSection
	GlobalSection(ProjectConfigurationPlatforms) = postSolution
		{74B80E91-6499-41A3-B48F-02FE5FE0B563}.Debug|Any CPU.ActiveCfg = Debug|Any CPU
		{74B80E91-6499-41A3-B48F-02FE5FE0B563}.Debug|Any CPU.Build.0 = Debug|Any CPU
		{74B80E91-6499-41A3-B48F-02FE5FE0B563}.Release|Any CPU.ActiveCfg = Release|Any CPU
		{74B80E91-6499-41A3-B48F-02FE5FE0B563}.Release|Any CPU.Build.0 = Release|Any CPU
	EndGlobalSection
	GlobalSection(SolutionProperties) = preSolution
		HideSolutionNode = FALSE
	EndGlobalSection
	GlobalSection(ExtensibilityGlobals) = postSolution
		SolutionGuid = {5B016E60-2405-471C-BCDC-3CC15728F7BC}
	EndGlobalSection
EndGlobal
